
Microsoft Visual Studio Solution File, Format Version 12.00
# Visual Studio Version 17
VisualStudioVersion = 17.0.31903.59
MinimumVisualStudioVersion = 10.0.40219.1
Project("{9A19103F-16F7-4668-BE54-9A1E7A4F7556}") = "TestSite", "examples\TestSite\TestSite.csproj", "{08999B5A-2609-4164-8D1D-6F7770A7BE33}"
EndProject
Project("{9A19103F-16F7-4668-BE54-9A1E7A4F7556}") = "PackageMigration.Backoffice", "src\PackageMigration.Backoffice\PackageMigration.Backoffice.csproj", "{BB74EB20-83C1-42E4-9A51-486718E58D69}"
EndProject
Global
	GlobalSection(SolutionConfigurationPlatforms) = preSolution
		Debug|Any CPU = Debug|Any CPU
		Release|Any CPU = Release|Any CPU
	EndGlobalSection
	GlobalSection(ProjectConfigurationPlatforms) = postSolution
		{08999B5A-2609-4164-8D1D-6F7770A7BE33}.Debug|Any CPU.ActiveCfg = Debug|Any CPU
		{08999B5A-2609-4164-8D1D-6F7770A7BE33}.Debug|Any CPU.Build.0 = Debug|Any CPU
		{08999B5A-2609-4164-8D1D-6F7770A7BE33}.Release|Any CPU.ActiveCfg = Release|Any CPU
		{08999B5A-2609-4164-8D1D-6F7770A7BE33}.Release|Any CPU.Build.0 = Release|Any CPU
		{BB74EB20-83C1-42E4-9A51-486718E58D69}.Debug|Any CPU.ActiveCfg = Debug|Any CPU
		{BB74EB20-83C1-42E4-9A51-486718E58D69}.Debug|Any CPU.Build.0 = Debug|Any CPU
		{BB74EB20-83C1-42E4-9A51-486718E58D69}.Release|Any CPU.ActiveCfg = Release|Any CPU
		{BB74EB20-83C1-42E4-9A51-486718E58D69}.Release|Any CPU.Build.0 = Release|Any CPU
	EndGlobalSection
	GlobalSection(SolutionProperties) = preSolution
		HideSolutionNode = FALSE
	EndGlobalSection
	GlobalSection(ExtensibilityGlobals) = postSolution
		SolutionGuid = {47EBD7F6-3660-46CC-9FB1-D4C685088A84}
	EndGlobalSection
EndGlobal
